
Microsoft Visual Studio Solution File, Format Version 12.00
# Visual Studio Version 16
VisualStudioVersion = 16.0.30011.22
MinimumVisualStudioVersion = 10.0.40219.1
Project("{FAE04EC0-301F-11D3-BF4B-00C04F79EFBC}") = "cv_sharp_test1", "cv_sharp_test1.csproj", "{31050AB1-6D3C-42E0-BA10-6135DEAFA600}"
EndProject
Global
	GlobalSection(SolutionConfigurationPlatforms) = preSolution
		Debug|Any CPU = Debug|Any CPU
		Debug|x64 = Debug|x64
		Release|Any CPU = Release|Any CPU
		Release|x64 = Release|x64
	EndGlobalSection
	GlobalSection(ProjectConfigurationPlatforms) = postSolution
		{31050AB1-6D3C-42E0-BA10-6135DEAFA600}.Debug|Any CPU.ActiveCfg = Debug|Any CPU
		{31050AB1-6D3C-42E0-BA10-6135DEAFA600}.Debug|Any CPU.Build.0 = Debug|Any CPU
		{31050AB1-6D3C-42E0-BA10-6135DEAFA600}.Debug|x64.ActiveCfg = Debug|x64
		{31050AB1-6D3C-42E0-BA10-6135DEAFA600}.Debug|x64.Build.0 = Debug|x64
		{31050AB1-6D3C-42E0-BA10-6135DEAFA600}.Release|Any CPU.ActiveCfg = Release|Any CPU
		{31050AB1-6D3C-42E0-BA10-6135DEAFA600}.Release|Any CPU.Build.0 = Release|Any CPU
		{31050AB1-6D3C-42E0-BA10-6135DEAFA600}.Release|x64.ActiveCfg = Release|x64
		{31050AB1-6D3C-42E0-BA10-6135DEAFA600}.Release|x64.Build.0 = Release|x64
	EndGlobalSection
	GlobalSection(SolutionProperties) = preSolution
		HideSolutionNode = FALSE
	EndGlobalSection
	GlobalSection(ExtensibilityGlobals) = postSolution
		SolutionGuid = {CAF11833-4ED3-458C-B515-1AA9E3B710BA}
	EndGlobalSection
EndGlobal
